GEM
  remote: https://rubygems.org/
  specs:
    kramdown (2.5.1)
      rexml (>= 3.3.9)
    kramdown-parser-gfm (1.1.0)
      kramdown (~> 2.0)
    rexml (3.4.4)
    rouge (4.5.1)

PLATFORMS
  ruby
  x86_64-linux

DEPENDENCIES
  kramdown (= 2.5.1)
  kramdown-parser-gfm (= 1.1.0)
  rexml (= 3.4.4)
  rouge (= 4.5.1)

CHECKSUMS
  kramdown (2.5.1) sha256=87bbb6abd9d3cebe4fc1f33e367c392b4500e6f8fa19dd61c0972cf4afe7368c
  kramdown-parser-gfm (1.1.0) sha256=fb39745516427d2988543bf01fc4cf0ab1149476382393e0e9c48592f6581729
  rexml (3.4.4) sha256=19e0a2c3425dfbf2d4fc1189747bdb2f849b6c5e74180401b15734bc97b5d142
  rouge (4.5.1) sha256=2ac81c6dee7019bbc6600d4c2d641d730d65c165941400ebd924259067e690dd

BUNDLED WITH
  4.0.3
